// !$*UTF8*$!
{
	archiveVersion = 1;
	classes = {
	};
	objectVersion = 56;
	objects = {

/* Begin PBXBuildFile section */
		6C39F03A2D71ED5100EAC3D4 /* AppDelegate.swift in Sources */ = {isa = PBXBuildFile; fileRef = 6C39F0392D71ED5100EAC3D4 /* AppDelegate.swift */; };
		6C39F03C2D71ED5100EAC3D4 /* SceneDelegate.swift in Sources */ = {isa = PBXBuildFile; fileRef = 6C39F03B2D71ED5100EAC3D4 /* SceneDelegate.swift */; };
		6C39F0432D71ED5300EAC3D4 /* Assets.xcassets in Resources */ = {isa = PBXBuildFile; fileRef = 6C39F0422D71ED5300EAC3D4 /* Assets.xcassets */; };
		6C39F0462D71ED5300EAC3D4 /* Base in Resources */ = {isa = PBXBuildFile; fileRef = 6C39F0452D71ED5300EAC3D4 /* Base */; };
		6C39F0502D71F0A900EAC3D4 /* ContentView.swift in Sources */ = {isa = PBXBuildFile; fileRef = 6C39F04F2D71F0A900EAC3D4 /* ContentView.swift */; };
		6C39F0522D71F0EA00EAC3D4 /* ViewModel.swift in Sources */ = {isa = PBXBuildFile; fileRef = 6C39F0512D71F0EA00EAC3D4 /* ViewModel.swift */; };
		6CAF43572D775503003B6D85 /* README.md in Resources */ = {isa = PBXBuildFile; fileRef = 6CAF43562D7754ED003B6D85 /* README.md */; };
		6CCBBA312D79B64700A3CD9C /* HeroDetailView.swift in Sources */ = {isa = PBXBuildFile; fileRef = 6CCBBA302D79B63900A3CD9C /* HeroDetailView.swift */; };
		6CCBBA352D79C30100A3CD9C /* FavoritesView.swift in Sources */ = {isa = PBXBuildFile; fileRef = 6CCBBA342D79C2EE00A3CD9C /* FavoritesView.swift */; };
		6CCBBA392D79C7B900A3CD9C /* MainView.swift in Sources */ = {isa = PBXBuildFile; fileRef = 6CCBBA382D79C7B200A3CD9C /* MainView.swift */; };
		6CCBBA3B2D79CA1500A3CD9C /* Screenshot1.png in Resources */ = {isa = PBXBuildFile; fileRef = 6CCBBA3A2D79CA1500A3CD9C /* Screenshot1.png */; };
		6CCBBA3D2D79CA3B00A3CD9C /* Screenshot2.png in Resources */ = {isa = PBXBuildFile; fileRef = 6CCBBA3C2D79CA3B00A3CD9C /* Screenshot2.png */; };
		6CCBBA3F2D79CA5100A3CD9C /* Screenshot3.png in Resources */ = {isa = PBXBuildFile; fileRef = 6CCBBA3E2D79CA5100A3CD9C /* Screenshot3.png */; };
		6CCBBA432D79D0BA00A3CD9C /* Hero.swift in Sources */ = {isa = PBXBuildFile; fileRef = 6CCBBA422D79D0B600A3CD9C /* Hero.swift */; };
/* End PBXBuildFile section */

/* Begin PBXFileReference section */
		6C39F0362D71ED5100EAC3D4 /* HeroRandomizer.app */ = {isa = PBXFileReference; explicitFileType = wrapper.application; includeInIndex = 0; path = HeroRandomizer.app; sourceTree = BUILT_PRODUCTS_DIR; };
		6C39F0392D71ED5100EAC3D4 /* AppDelegate.swift */ = {isa = PBXFileReference; lastKnownFileType = sourcecode.swift; path = AppDelegate.swift; sourceTree = "<group>"; };
		6C39F03B2D71ED5100EAC3D4 /* SceneDelegate.swift */ = {isa = PBXFileReference; lastKnownFileType = sourcecode.swift; path = SceneDelegate.swift; sourceTree = "<group>"; };
		6C39F0422D71ED5300EAC3D4 /* Assets.xcassets */ = {isa = PBXFileReference; lastKnownFileType = folder.assetcatalog; path = Assets.xcassets; sourceTree = "<group>"; };
		6C39F0452D71ED5300EAC3D4 /* Base */ = {isa = PBXFileReference; lastKnownFileType = file.storyboard; name = Base; path = Base.lproj/LaunchScreen.storyboard; sourceTree = "<group>"; };
		6C39F0472D71ED5300EAC3D4 /* Info.plist */ = {isa = PBXFileReference; lastKnownFileType = text.plist.xml; path = Info.plist; sourceTree = "<group>"; };
		6C39F04F2D71F0A900EAC3D4 /* ContentView.swift */ = {isa = PBXFileReference; lastKnownFileType = sourcecode.swift; path = ContentView.swift; sourceTree = "<group>"; };
		6C39F0512D71F0EA00EAC3D4 /* ViewModel.swift */ = {isa = PBXFileReference; lastKnownFileType = sourcecode.swift; path = ViewModel.swift; sourceTree = "<group>"; };
		6CAF43562D7754ED003B6D85 /* README.md */ = {isa = PBXFileReference; lastKnownFileType = net.daringfireball.markdown; path = README.md; sourceTree = "<group>"; };
		6CCBBA302D79B63900A3CD9C /* HeroDetailView.swift */ = {isa = PBXFileReference; lastKnownFileType = sourcecode.swift; path = HeroDetailView.swift; sourceTree = "<group>"; };
		6CCBBA342D79C2EE00A3CD9C /* FavoritesView.swift */ = {isa = PBXFileReference; lastKnownFileType = sourcecode.swift; path = FavoritesView.swift; sourceTree = "<group>"; };
		6CCBBA382D79C7B200A3CD9C /* MainView.swift */ = {isa = PBXFileReference; lastKnownFileType = sourcecode.swift; path = MainView.swift; sourceTree = "<group>"; };
		6CCBBA3A2D79CA1500A3CD9C /* Screenshot1.png */ = {isa = PBXFileReference; lastKnownFileType = image.png; path = Screenshot1.png; sourceTree = "<group>"; };
		6CCBBA3C2D79CA3B00A3CD9C /* Screenshot2.png */ = {isa = PBXFileReference; lastKnownFileType = image.png; path = Screenshot2.png; sourceTree = "<group>"; };
		6CCBBA3E2D79CA5100A3CD9C /* Screenshot3.png */ = {isa = PBXFileReference; lastKnownFileType = image.png; path = Screenshot3.png; sourceTree = "<group>"; };
		6CCBBA422D79D0B600A3CD9C /* Hero.swift */ = {isa = PBXFileReference; lastKnownFileType = sourcecode.swift; path = Hero.swift; sourceTree = "<group>"; };
/* End PBXFileReference section */

/* Begin PBXFrameworksBuildPhase section */
		6C39F0332D71ED5100EAC3D4 /* Frameworks */ = {
			isa = PBXFrameworksBuildPhase;
			buildActionMask = 2147483647;
			files = (
			);
			runOnlyForDeploymentPostprocessing = 0;
		};
/* End PBXFrameworksBuildPhase section */

/* Begin PBXGroup section */
		6C39F02D2D71ED5100EAC3D4 = {
			isa = PBXGroup;
			children = (
				6C39F0382D71ED5100EAC3D4 /* HeroRandomizer */,
				6C39F0372D71ED5100EAC3D4 /* Products */,
			);
			sourceTree = "<group>";
		};
		6C39F0372D71ED5100EAC3D4 /* Products */ = {
			isa = PBXGroup;
			children = (
				6C39F0362D71ED5100EAC3D4 /* HeroRandomizer.app */,
			);
			name = Products;
			sourceTree = "<group>";
		};
		6C39F0382D71ED5100EAC3D4 /* HeroRandomizer */ = {
			isa = PBXGroup;
			children = (
				6CCBBA412D79D0AB00A3CD9C /* Models */,
				6CCBBA402D79D08E00A3CD9C /* Views */,
				6CAF43562D7754ED003B6D85 /* README.md */,
				6C39F0392D71ED5100EAC3D4 /* AppDelegate.swift */,
				6C39F03B2D71ED5100EAC3D4 /* SceneDelegate.swift */,
				6C39F04F2D71F0A900EAC3D4 /* ContentView.swift */,
				6C39F0512D71F0EA00EAC3D4 /* ViewModel.swift */,
				6C39F0422D71ED5300EAC3D4 /* Assets.xcassets */,
				6C39F0442D71ED5300EAC3D4 /* LaunchScreen.storyboard */,
				6C39F0472D71ED5300EAC3D4 /* Info.plist */,
				6CCBBA3A2D79CA1500A3CD9C /* Screenshot1.png */,
				6CCBBA3C2D79CA3B00A3CD9C /* Screenshot2.png */,
				6CCBBA3E2D79CA5100A3CD9C /* Screenshot3.png */,
			);
			path = HeroRandomizer;
			sourceTree = "<group>";
		};
		6CCBBA402D79D08E00A3CD9C /* Views */ = {
			isa = PBXGroup;
			children = (
				6CCBBA342D79C2EE00A3CD9C /* FavoritesView.swift */,
				6CCBBA302D79B63900A3CD9C /* HeroDetailView.swift */,
				6CCBBA382D79C7B200A3CD9C /* MainView.swift */,
			);
			path = Views;
			sourceTree = "<group>";
		};
		6CCBBA412D79D0AB00A3CD9C /* Models */ = {
			isa = PBXGroup;
			children = (
				6CCBBA422D79D0B600A3CD9C /* Hero.swift */,
			);
			path = Models;
			sourceTree = "<group>";
		};
/* End PBXGroup section */

/* Begin PBXNativeTarget section */
		6C39F0352D71ED5100EAC3D4 /* HeroRandomizer */ = {
			isa = PBXNativeTarget;
			buildConfigurationList = 6C39F04A2D71ED5300EAC3D4 /* Build configuration list for PBXNativeTarget "HeroRandomizer" */;
			buildPhases = (
				6C39F0322D71ED5100EAC3D4 /* Sources */,
				6C39F0332D71ED5100EAC3D4 /* Frameworks */,
				6C39F0342D71ED5100EAC3D4 /* Resources */,
			);
			buildRules = (
			);
			dependencies = (
			);
			name = HeroRandomizer;
			productName = HeroRandomizer;
			productReference = 6C39F0362D71ED5100EAC3D4 /* HeroRandomizer.app */;
			productType = "com.apple.product-type.application";
		};
/* End PBXNativeTarget section */

/* Begin PBXProject section */
		6C39F02E2D71ED5100EAC3D4 /* Project object */ = {
			isa = PBXProject;
			attributes = {
				BuildIndependentTargetsInParallel = 1;
				LastSwiftUpdateCheck = 1540;
				LastUpgradeCheck = 1540;
				TargetAttributes = {
					6C39F0352D71ED5100EAC3D4 = {
						CreatedOnToolsVersion = 15.4;
					};
				};
			};
			buildConfigurationList = 6C39F0312D71ED5100EAC3D4 /* Build configuration list for PBXProject "HeroRandomizer" */;
			compatibilityVersion = "Xcode 14.0";
			developmentRegion = en;
			hasScannedForEncodings = 0;
			knownRegions = (
				en,
				Base,
			);
			mainGroup = 6C39F02D2D71ED5100EAC3D4;
			productRefGroup = 6C39F0372D71ED5100EAC3D4 /* Products */;
			projectDirPath = "";
			projectRoot = "";
			targets = (
				6C39F0352D71ED5100EAC3D4 /* HeroRandomizer */,
			);
		};
/* End PBXProject section */

/* Begin PBXResourcesBuildPhase section */
		6C39F0342D71ED5100EAC3D4 /* Resources */ = {
			isa = PBXResourcesBuildPhase;
			buildActionMask = 2147483647;
			files = (
				6CCBBA3D2D79CA3B00A3CD9C /* Screenshot2.png in Resources */,
				6CAF43572D775503003B6D85 /* README.md in Resources */,
				6C39F0432D71ED5300EAC3D4 /* Assets.xcassets in Resources */,
				6CCBBA3F2D79CA5100A3CD9C /* Screenshot3.png in Resources */,
				6CCBBA3B2D79CA1500A3CD9C /* Screenshot1.png in Resources */,
				6C39F0462D71ED5300EAC3D4 /* Base in Resources */,
			);
			runOnlyForDeploymentPostprocessing = 0;
		};
/* End PBXResourcesBuildPhase section */

/* Begin PBXSourcesBuildPhase section */
		6C39F0322D71ED5100EAC3D4 /* Sources */ = {
			isa = PBXSourcesBuildPhase;
			buildActionMask = 2147483647;
			files = (
				6CCBBA312D79B64700A3CD9C /* HeroDetailView.swift in Sources */,
				6CCBBA392D79C7B900A3CD9C /* MainView.swift in Sources */,
				6C39F0522D71F0EA00EAC3D4 /* ViewModel.swift in Sources */,
				6CCBBA352D79C30100A3CD9C /* FavoritesView.swift in Sources */,
				6C39F03A2D71ED5100EAC3D4 /* AppDelegate.swift in Sources */,
				6C39F0502D71F0A900EAC3D4 /* ContentView.swift in Sources */,
				6C39F03C2D71ED5100EAC3D4 /* SceneDelegate.swift in Sources */,
				6CCBBA432D79D0BA00A3CD9C /* Hero.swift in Sources */,
			);
			runOnlyForDeploymentPostprocessing = 0;
		};
/* End PBXSourcesBuildPhase section */

/* Begin PBXVariantGroup section */
		6C39F0442D71ED5300EAC3D4 /* LaunchScreen.storyboard */ = {
			isa = PBXVariantGroup;
			children = (
				6C39F0452D71ED5300EAC3D4 /* Base */,
			);
			name = LaunchScreen.storyboard;
			sourceTree = "<group>";
		};
/* End PBXVariantGroup section */

/* Begin XCBuildConfiguration section */
		6C39F0482D71ED5300EAC3D4 /* Debug */ = {
			isa = XCBuildConfiguration;
			buildSettings = {
				ALWAYS_SEARCH_USER_PATHS = NO;
				ASSETCATALOG_COMPILER_GENERATE_SWIFT_ASSET_SYMBOL_EXTENSIONS = YES;
				CLANG_ANALYZER_NONNULL = YES;
				CLANG_ANALYZER_NUMBER_OBJECT_CONVERSION = YES_AGGRESSIVE;
				CLANG_CXX_LANGUAGE_STANDARD = "gnu++20";
				CLANG_ENABLE_MODULES = YES;
				CLANG_ENABLE_OBJC_ARC = YES;
				CLANG_ENABLE_OBJC_WEAK = YES;
				CLANG_WARN_BLOCK_CAPTURE_AUTORELEASING = YES;
				CLANG_WARN_BOOL_CONVERSION = YES;
				CLANG_WARN_COMMA = YES;
				CLANG_WARN_CONSTANT_CONVERSION = YES;
				CLANG_WARN_DEPRECATED_OBJC_IMPLEMENTATIONS = YES;
				CLANG_WARN_DIRECT_OBJC_ISA_USAGE = YES_ERROR;
				CLANG_WARN_DOCUMENTATION_COMMENTS = YES;
				CLANG_WARN_EMPTY_BODY = YES;
				CLANG_WARN_ENUM_CONVERSION = YES;
				CLANG_WARN_INFINITE_RECURSION = YES;
				CLANG_WARN_INT_CONVERSION = YES;
				CLANG_WARN_NON_LITERAL_NULL_CONVERSION = YES;
				CLANG_WARN_OBJC_IMPLICIT_RETAIN_SELF = YES;
				CLANG_WARN_OBJC_LITERAL_CONVERSION = YES;
				CLANG_WARN_OBJC_ROOT_CLASS = YES_ERROR;
				CLANG_WARN_QUOTED_INCLUDE_IN_FRAMEWORK_HEADER = YES;
				CLANG_WARN_RANGE_LOOP_ANALYSIS = YES;
				CLANG_WARN_STRICT_PROTOTYPES = YES;
				CLANG_WARN_SUSPICIOUS_MOVE = YES;
				CLANG_WARN_UNGUARDED_AVAILABILITY = YES_AGGRESSIVE;
				CLANG_WARN_UNREACHABLE_CODE = YES;
				CLANG_WARN__DUPLICATE_METHOD_MATCH = YES;
				COPY_PHASE_STRIP = NO;
				DEBUG_INFORMATION_FORMAT = dwarf;
				ENABLE_STRICT_OBJC_MSGSEND = YES;
				ENABLE_TESTABILITY = YES;
				ENABLE_USER_SCRIPT_SANDBOXING = YES;
				GCC_C_LANGUAGE_STANDARD = gnu17;
				GCC_DYNAMIC_NO_PIC = NO;
				GCC_NO_COMMON_BLOCKS = YES;
				GCC_OPTIMIZATION_LEVEL = 0;
				GCC_PREPROCESSOR_DEFINITIONS = (
					"DEBUG=1",
					"$(inherited)",
				);
				GCC_WARN_64_TO_32_BIT_CONVERSION = YES;
				GCC_WARN_ABOUT_RETURN_TYPE = YES_ERROR;
				GCC_WARN_UNDECLARED_SELECTOR = YES;
				GCC_WARN_UNINITIALIZED_AUTOS = YES_AGGRESSIVE;
				GCC_WARN_UNUSED_FUNCTION = YES;
				GCC_WARN_UNUSED_VARIABLE = YES;
				IPHONEOS_DEPLOYMENT_TARGET = 17.5;
				LOCALIZATION_PREFERS_STRING_CATALOGS = YES;
				MTL_ENABLE_DEBUG_INFO = INCLUDE_SOURCE;
				MTL_FAST_MATH = YES;
				ONLY_ACTIVE_ARCH = YES;
				SDKROOT = iphoneos;
				SWIFT_ACTIVE_COMPILATION_CONDITIONS = "DEBUG $(inherited)";
				SWIFT_OPTIMIZATION_LEVEL = "-Onone";
			};
			name = Debug;
		};
		6C39F0492D71ED5300EAC3D4 /* Release */ = {
			isa = XCBuildConfiguration;
			buildSettings = {
				ALWAYS_SEARCH_USER_PATHS = NO;
				ASSETCATALOG_COMPILER_GENERATE_SWIFT_ASSET_SYMBOL_EXTENSIONS = YES;
				CLANG_ANALYZER_NONNULL = YES;
				CLANG_ANALYZER_NUMBER_OBJECT_CONVERSION = YES_AGGRESSIVE;
				CLANG_CXX_LANGUAGE_STANDARD = "gnu++20";
				CLANG_ENABLE_MODULES = YES;
				CLANG_ENABLE_OBJC_ARC = YES;
				CLANG_ENABLE_OBJC_WEAK = YES;
				CLANG_WARN_BLOCK_CAPTURE_AUTORELEASING = YES;
				CLANG_WARN_BOOL_CONVERSION = YES;
				CLANG_WARN_COMMA = YES;
				CLANG_WARN_CONSTANT_CONVERSION = YES;
				CLANG_WARN_DEPRECATED_OBJC_IMPLEMENTATIONS = YES;
				CLANG_WARN_DIRECT_OBJC_ISA_USAGE = YES_ERROR;
				CLANG_WARN_DOCUMENTATION_COMMENTS = YES;
				CLANG_WARN_EMPTY_BODY = YES;
				CLANG_WARN_ENUM_CONVERSION = YES;
				CLANG_WARN_INFINITE_RECURSION = YES;
				CLANG_WARN_INT_CONVERSION = YES;
				CLANG_WARN_NON_LITERAL_NULL_CONVERSION = YES;
				CLANG_WARN_OBJC_IMPLICIT_RETAIN_SELF = YES;
				CLANG_WARN_OBJC_LITERAL_CONVERSION = YES;
				CLANG_WARN_OBJC_ROOT_CLASS = YES_ERROR;
				CLANG_WARN_QUOTED_INCLUDE_IN_FRAMEWORK_HEADER = YES;
				CLANG_WARN_RANGE_LOOP_ANALYSIS = YES;
				CLANG_WARN_STRICT_PROTOTYPES = YES;
				CLANG_WARN_SUSPICIOUS_MOVE = YES;
				CLANG_WARN_UNGUARDED_AVAILABILITY = YES_AGGRESSIVE;
				CLANG_WARN_UNREACHABLE_CODE = YES;
				CLANG_WARN__DUPLICATE_METHOD_MATCH = YES;
				COPY_PHASE_STRIP = NO;
				DEBUG_INFORMATION_FORMAT = "dwarf-with-dsym";
				ENABLE_NS_ASSERTIONS = NO;
				ENABLE_STRICT_OBJC_MSGSEND = YES;
				ENABLE_USER_SCRIPT_SANDBOXING = YES;
				GCC_C_LANGUAGE_STANDARD = gnu17;
				GCC_NO_COMMON_BLOCKS = YES;
				GCC_WARN_64_TO_32_BIT_CONVERSION = YES;
				GCC_WARN_ABOUT_RETURN_TYPE = YES_ERROR;
				GCC_WARN_UNDECLARED_SELECTOR = YES;
				GCC_WARN_UNINITIALIZED_AUTOS = YES_AGGRESSIVE;
				GCC_WARN_UNUSED_FUNCTION = YES;
				GCC_WARN_UNUSED_VARIABLE = YES;
				IPHONEOS_DEPLOYMENT_TARGET = 17.5;
				LOCALIZATION_PREFERS_STRING_CATALOGS = YES;
				MTL_ENABLE_DEBUG_INFO = NO;
				MTL_FAST_MATH = YES;
				SDKROOT = iphoneos;
				SWIFT_COMPILATION_MODE = wholemodule;
				VALIDATE_PRODUCT = YES;
			};
			name = Release;
		};
		6C39F04B2D71ED5300EAC3D4 /* Debug */ = {
			isa = XCBuildConfiguration;
			buildSettings = {
				ASSETCATALOG_COMPILER_APPICON_NAME = AppIcon;
				ASSETCATALOG_COMPILER_GLOBAL_ACCENT_COLOR_NAME = AccentColor;
				CODE_SIGN_STYLE = Automatic;
				CURRENT_PROJECT_VERSION = 1;
				GENERATE_INFOPLIST_FILE = YES;
				INFOPLIST_FILE = HeroRandomizer/Info.plist;
				INFOPLIST_KEY_UIApplicationSupportsIndirectInputEvents = YES;
				INFOPLIST_KEY_UILaunchStoryboardName = LaunchScreen;
				INFOPLIST_KEY_UISupportedInterfaceOrientations_iPad = "UIInterfaceOrientationPortrait UIInterfaceOrientationPortraitUpsideDown UIInterfaceOrientationLandscapeLeft UIInterfaceOrientationLandscapeRight";
				INFOPLIST_KEY_UISupportedInterfaceOrientations_iPhone = "UIInterfaceOrientationPortrait UIInterfaceOrientationLandscapeLeft UIInterfaceOrientationLandscapeRight";
				LD_RUNPATH_SEARCH_PATHS = (
					"$(inherited)",
					"@executable_path/Frameworks",
				);
				MARKETING_VERSION = 1.0;
				PRODUCT_BUNDLE_IDENTIFIER = antay.HeroRandomizer;
				PRODUCT_NAME = "$(TARGET_NAME)";
				SWIFT_EMIT_LOC_STRINGS = YES;
				SWIFT_VERSION = 5.0;
				TARGETED_DEVICE_FAMILY = "1,2";
			};
			name = Debug;
		};
		6C39F04C2D71ED5300EAC3D4 /* Release */ = {
			isa = XCBuildConfiguration;
			buildSettings = {
				ASSETCATALOG_COMPILER_APPICON_NAME = AppIcon;
				ASSETCATALOG_COMPILER_GLOBAL_ACCENT_COLOR_NAME = AccentColor;
				CODE_SIGN_STYLE = Automatic;
				CURRENT_PROJECT_VERSION = 1;
				GENERATE_INFOPLIST_FILE = YES;
				INFOPLIST_FILE = HeroRandomizer/Info.plist;
				INFOPLIST_KEY_UIApplicationSupportsIndirectInputEvents = YES;
				INFOPLIST_KEY_UILaunchStoryboardName = LaunchScreen;
				INFOPLIST_KEY_UISupportedInterfaceOrientations_iPad = "UIInterfaceOrientationPortrait UIInterfaceOrientationPortraitUpsideDown UIInterfaceOrientationLandscapeLeft UIInterfaceOrientationLandscapeRight";
				INFOPLIST_KEY_UISupportedInterfaceOrientations_iPhone = "UIInterfaceOrientationPortrait UIInterfaceOrientationLandscapeLeft UIInterfaceOrientationLandscapeRight";
				LD_RUNPATH_SEARCH_PATHS = (
					"$(inherited)",
					"@executable_path/Frameworks",
				);
				MARKETING_VERSION = 1.0;
				PRODUCT_BUNDLE_IDENTIFIER = antay.HeroRandomizer;
				PRODUCT_NAME = "$(TARGET_NAME)";
				SWIFT_EMIT_LOC_STRINGS = YES;
				SWIFT_VERSION = 5.0;
				TARGETED_DEVICE_FAMILY = "1,2";
			};
			name = Release;
		};
/* End XCBuildConfiguration section */

/* Begin XCConfigurationList section */
		6C39F0312D71ED5100EAC3D4 /* Build configuration list for PBXProject "HeroRandomizer" */ = {
			isa = XCConfigurationList;
			buildConfigurations = (
				6C39F0482D71ED5300EAC3D4 /* Debug */,
				6C39F0492D71ED5300EAC3D4 /* Release */,
			);
			defaultConfigurationIsVisible = 0;
			defaultConfigurationName = Release;
		};
		6C39F04A2D71ED5300EAC3D4 /* Build configuration list for PBXNativeTarget "HeroRandomizer" */ = {
			isa = XCConfigurationList;
			buildConfigurations = (
				6C39F04B2D71ED5300EAC3D4 /* Debug */,
				6C39F04C2D71ED5300EAC3D4 /* Release */,
			);
			defaultConfigurationIsVisible = 0;
			defaultConfigurationName = Release;
		};
/* End XCConfigurationList section */
	};
	rootObject = 6C39F02E2D71ED5100EAC3D4 /* Project object */;
}
